
Microsoft Visual Studio Solution File, Format Version 12.00
# Visual Studio 15
VisualStudioVersion = 15.0.27130.0
MinimumVisualStudioVersion = 10.0.40219.1
Project("{FAE04EC0-301F-11D3-BF4B-00C04F79EFBC}") = "BankRef", "BankRef\BankRef.csproj", "{B82C8551-C6B7-4E8B-BA31-475AFBA49EDC}"
EndProject
Global
	GlobalSection(SolutionConfigurationPlatforms) = preSolution
		Debug|Any CPU = Debug|Any CPU
		Release|Any CPU = Release|Any CPU
	EndGlobalSection
	GlobalSection(ProjectConfigurationPlatforms) = postSolution
		{B82C8551-C6B7-4E8B-BA31-475AFBA49EDC}.Debug|Any CPU.ActiveCfg = Debug|Any CPU
		{B82C8551-C6B7-4E8B-BA31-475AFBA49EDC}.Debug|Any CPU.Build.0 = Debug|Any CPU
		{B82C8551-C6B7-4E8B-BA31-475AFBA49EDC}.Release|Any CPU.ActiveCfg = Release|Any CPU
		{B82C8551-C6B7-4E8B-BA31-475AFBA49EDC}.Release|Any CPU.Build.0 = Release|Any CPU
	EndGlobalSection
	GlobalSection(SolutionProperties) = preSolution
		HideSolutionNode = FALSE
	EndGlobalSection
	GlobalSection(ExtensibilityGlobals) = postSolution
		SolutionGuid = {49603363-2263-4904-A9C0-93FFBEC705BE}
	EndGlobalSection
EndGlobal
